
Microsoft Visual Studio Solution File, Format Version 12.00
# Visual Studio 14
VisualStudioVersion = 14.0.25420.1
MinimumVisualStudioVersion = 10.0.40219.1
Project("{FAE04EC0-301F-11D3-BF4B-00C04F79EFBC}") = "SimpleServerLib", "SimpleServerLib\SimpleServerLib.csproj", "{F07D29C4-ACF7-449D-A78C-E98FAC1A6220}"
EndProject
Project("{FAE04EC0-301F-11D3-BF4B-00C04F79EFBC}") = "SimpleServerTester", "SimpleServerTester\SimpleServerTester.csproj", "{7FE4500A-978A-4DD3-8D7A-E854F7673FCB}"
EndProject
Project("{FAE04EC0-301F-11D3-BF4B-00C04F79EFBC}") = "SimpleClientTester", "SimpleClientTester\SimpleClientTester.csproj", "{7B1C0E5A-3089-4868-ACDC-B75FF16CE318}"
EndProject
Project("{FAE04EC0-301F-11D3-BF4B-00C04F79EFBC}") = "Fiction.Contracts", "Fiction.Contracts\Fiction.Contracts.csproj", "{EB61B193-60E6-4EBC-8204-01FB68F99ED0}"
EndProject
Global
	GlobalSection(SolutionConfigurationPlatforms) = preSolution
		Debug|Any CPU = Debug|Any CPU
		Release|Any CPU = Release|Any CPU
	EndGlobalSection
	GlobalSection(ProjectConfigurationPlatforms) = postSolution
		{F07D29C4-ACF7-449D-A78C-E98FAC1A6220}.Debug|Any CPU.ActiveCfg = Debug|Any CPU
		{F07D29C4-ACF7-449D-A78C-E98FAC1A6220}.Debug|Any CPU.Build.0 = Debug|Any CPU
		{F07D29C4-ACF7-449D-A78C-E98FAC1A6220}.Release|Any CPU.ActiveCfg = Release|Any CPU
		{F07D29C4-ACF7-449D-A78C-E98FAC1A6220}.Release|Any CPU.Build.0 = Release|Any CPU
		{7FE4500A-978A-4DD3-8D7A-E854F7673FCB}.Debug|Any CPU.ActiveCfg = Debug|Any CPU
		{7FE4500A-978A-4DD3-8D7A-E854F7673FCB}.Debug|Any CPU.Build.0 = Debug|Any CPU
		{7FE4500A-978A-4DD3-8D7A-E854F7673FCB}.Release|Any CPU.ActiveCfg = Release|Any CPU
		{7FE4500A-978A-4DD3-8D7A-E854F7673FCB}.Release|Any CPU.Build.0 = Release|Any CPU
		{7B1C0E5A-3089-4868-ACDC-B75FF16CE318}.Debug|Any CPU.ActiveCfg = Debug|Any CPU
		{7B1C0E5A-3089-4868-ACDC-B75FF16CE318}.Debug|Any CPU.Build.0 = Debug|Any CPU
		{7B1C0E5A-3089-4868-ACDC-B75FF16CE318}.Release|Any CPU.ActiveCfg = Release|Any CPU
		{7B1C0E5A-3089-4868-ACDC-B75FF16CE318}.Release|Any CPU.Build.0 = Release|Any CPU
		{EB61B193-60E6-4EBC-8204-01FB68F99ED0}.Debug|Any CPU.ActiveCfg = Debug|Any CPU
		{EB61B193-60E6-4EBC-8204-01FB68F99ED0}.Debug|Any CPU.Build.0 = Debug|Any CPU
		{EB61B193-60E6-4EBC-8204-01FB68F99ED0}.Release|Any CPU.ActiveCfg = Release|Any CPU
		{EB61B193-60E6-4EBC-8204-01FB68F99ED0}.Release|Any CPU.Build.0 = Release|Any CPU
	EndGlobalSection
	GlobalSection(SolutionProperties) = preSolution
		HideSolutionNode = FALSE
	EndGlobalSection
EndGlobal
